
Microsoft Visual Studio Solution File, Format Version 12.00
# Visual Studio Version 17
VisualStudioVersion = 17.4.33213.308
MinimumVisualStudioVersion = 10.0.40219.1
Project("{9A19103F-16F7-4668-BE54-9A1E7A4F7556}") = "ChromePasswordReader", "ChromePasswordReader.csproj", "{6EC6BF71-9A3F-4541-8CAD-5DF658CE1BAD}"
EndProject
Project("{FAE04EC0-301F-11D3-BF4B-00C04F79EFBC}") = "CprTests", "CprTests\CprTests.csproj", "{9A8F0E1F-20A1-4D84-B713-208C4B425C7B}"
EndProject
Project("{FAE04EC0-301F-11D3-BF4B-00C04F79EFBC}") = "Cpr", "Cpr\Cpr.csproj", "{A2471328-7B72-4EA0-9B65-87961D1864E1}"
EndProject
Global
	GlobalSection(SolutionConfigurationPlatforms) = preSolution
		Debug|Any CPU = Debug|Any CPU
		Release|Any CPU = Release|Any CPU
	EndGlobalSection
	GlobalSection(ProjectConfigurationPlatforms) = postSolution
		{6EC6BF71-9A3F-4541-8CAD-5DF658CE1BAD}.Debug|Any CPU.ActiveCfg = Debug|Any CPU
		{6EC6BF71-9A3F-4541-8CAD-5DF658CE1BAD}.Debug|Any CPU.Build.0 = Debug|Any CPU
		{6EC6BF71-9A3F-4541-8CAD-5DF658CE1BAD}.Release|Any CPU.ActiveCfg = Release|Any CPU
		{6EC6BF71-9A3F-4541-8CAD-5DF658CE1BAD}.Release|Any CPU.Build.0 = Release|Any CPU
		{9A8F0E1F-20A1-4D84-B713-208C4B425C7B}.Debug|Any CPU.ActiveCfg = Debug|Any CPU
		{9A8F0E1F-20A1-4D84-B713-208C4B425C7B}.Debug|Any CPU.Build.0 = Debug|Any CPU
		{9A8F0E1F-20A1-4D84-B713-208C4B425C7B}.Release|Any CPU.ActiveCfg = Release|Any CPU
		{9A8F0E1F-20A1-4D84-B713-208C4B425C7B}.Release|Any CPU.Build.0 = Release|Any CPU
		{A2471328-7B72-4EA0-9B65-87961D1864E1}.Debug|Any CPU.ActiveCfg = Debug|Any CPU
		{A2471328-7B72-4EA0-9B65-87961D1864E1}.Debug|Any CPU.Build.0 = Debug|Any CPU
		{A2471328-7B72-4EA0-9B65-87961D1864E1}.Release|Any CPU.ActiveCfg = Release|Any CPU
		{A2471328-7B72-4EA0-9B65-87961D1864E1}.Release|Any CPU.Build.0 = Release|Any CPU
	EndGlobalSection
	GlobalSection(SolutionProperties) = preSolution
		HideSolutionNode = FALSE
	EndGlobalSection
	GlobalSection(ExtensibilityGlobals) = postSolution
		SolutionGuid = {3DE88904-E54F-4F69-A5A7-627784721867}
	EndGlobalSection
EndGlobal
